
Microsoft Visual Studio Solution File, Format Version 12.00
# Visual Studio 15
VisualStudioVersion = 15.0.26124.0
MinimumVisualStudioVersion = 15.0.26124.0
Project("{9A19103F-16F7-4668-BE54-9A1E7A4F7556}") = "Onion.Data", "Onion.Data\Onion.Data.csproj", "{C1BD43F7-7909-459D-B045-2D2954162A88}"
EndProject
Project("{9A19103F-16F7-4668-BE54-9A1E7A4F7556}") = "Onion.Repositories", "Onion.Repositories\Onion.Repositories.csproj", "{530D49DD-1E7F-4383-AC74-11ED86978280}"
EndProject
Project("{9A19103F-16F7-4668-BE54-9A1E7A4F7556}") = "Onion.Services", "Onion.Services\Onion.Services.csproj", "{99AD0F5C-3B4B-4F22-B458-AD9C0BDE45F9}"
EndProject
Project("{9A19103F-16F7-4668-BE54-9A1E7A4F7556}") = "Onion.Website", "Onion.Website\Onion.Website.csproj", "{E0DC0CEC-1E0F-4BF9-A4BC-374FF8F33D77}"
EndProject
Project("{9A19103F-16F7-4668-BE54-9A1E7A4F7556}") = "Onion.UnitTests", "Onion.UnitTests\Onion.UnitTests.csproj", "{4EDC1818-8ABF-4EB8-AD6B-2882EEDE2732}"
EndProject
Project("{9A19103F-16F7-4668-BE54-9A1E7A4F7556}") = "Onion.WebApi", "Onion.WebApi\Onion.WebApi.csproj", "{DD0054FB-5B48-406B-8CF8-348C3FCAB1DE}"
EndProject
Global
	GlobalSection(SolutionConfigurationPlatforms) = preSolution
		Debug|Any CPU = Debug|Any CPU
		Debug|x64 = Debug|x64
		Debug|x86 = Debug|x86
		Release|Any CPU = Release|Any CPU
		Release|x64 = Release|x64
		Release|x86 = Release|x86
	EndGlobalSection
	GlobalSection(ProjectConfigurationPlatforms) = postSolution
		{C1BD43F7-7909-459D-B045-2D2954162A88}.Debug|Any CPU.ActiveCfg = Debug|Any CPU
		{C1BD43F7-7909-459D-B045-2D2954162A88}.Debug|Any CPU.Build.0 = Debug|Any CPU
		{C1BD43F7-7909-459D-B045-2D2954162A88}.Debug|x64.ActiveCfg = Debug|Any CPU
		{C1BD43F7-7909-459D-B045-2D2954162A88}.Debug|x64.Build.0 = Debug|Any CPU
		{C1BD43F7-7909-459D-B045-2D2954162A88}.Debug|x86.ActiveCfg = Debug|Any CPU
		{C1BD43F7-7909-459D-B045-2D2954162A88}.Debug|x86.Build.0 = Debug|Any CPU
		{C1BD43F7-7909-459D-B045-2D2954162A88}.Release|Any CPU.ActiveCfg = Release|Any CPU
		{C1BD43F7-7909-459D-B045-2D2954162A88}.Release|Any CPU.Build.0 = Release|Any CPU
		{C1BD43F7-7909-459D-B045-2D2954162A88}.Release|x64.ActiveCfg = Release|Any CPU
		{C1BD43F7-7909-459D-B045-2D2954162A88}.Release|x64.Build.0 = Release|Any CPU
		{C1BD43F7-7909-459D-B045-2D2954162A88}.Release|x86.ActiveCfg = Release|Any CPU
		{C1BD43F7-7909-459D-B045-2D2954162A88}.Release|x86.Build.0 = Release|Any CPU
		{530D49DD-1E7F-4383-AC74-11ED86978280}.Debug|Any CPU.ActiveCfg = Debug|Any CPU
		{530D49DD-1E7F-4383-AC74-11ED86978280}.Debug|Any CPU.Build.0 = Debug|Any CPU
		{530D49DD-1E7F-4383-AC74-11ED86978280}.Debug|x64.ActiveCfg = Debug|Any CPU
		{530D49DD-1E7F-4383-AC74-11ED86978280}.Debug|x64.Build.0 = Debug|Any CPU
		{530D49DD-1E7F-4383-AC74-11ED86978280}.Debug|x86.ActiveCfg = Debug|Any CPU
		{530D49DD-1E7F-4383-AC74-11ED86978280}.Debug|x86.Build.0 = Debug|Any CPU
		{530D49DD-1E7F-4383-AC74-11ED86978280}.Release|Any CPU.ActiveCfg = Release|Any CPU
		{530D49DD-1E7F-4383-AC74-11ED86978280}.Release|Any CPU.Build.0 = Release|Any CPU
		{530D49DD-1E7F-4383-AC74-11ED86978280}.Release|x64.ActiveCfg = Release|Any CPU
		{530D49DD-1E7F-4383-AC74-11ED86978280}.Release|x64.Build.0 = Release|Any CPU
		{530D49DD-1E7F-4383-AC74-11ED86978280}.Release|x86.ActiveCfg = Release|Any CPU
		{530D49DD-1E7F-4383-AC74-11ED86978280}.Release|x86.Build.0 = Release|Any CPU
		{99AD0F5C-3B4B-4F22-B458-AD9C0BDE45F9}.Debug|Any CPU.ActiveCfg = Debug|Any CPU
		{99AD0F5C-3B4B-4F22-B458-AD9C0BDE45F9}.Debug|Any CPU.Build.0 = Debug|Any CPU
		{99AD0F5C-3B4B-4F22-B458-AD9C0BDE45F9}.Debug|x64.ActiveCfg = Debug|Any CPU
		{99AD0F5C-3B4B-4F22-B458-AD9C0BDE45F9}.Debug|x64.Build.0 = Debug|Any CPU
		{99AD0F5C-3B4B-4F22-B458-AD9C0BDE45F9}.Debug|x86.ActiveCfg = Debug|Any CPU
		{99AD0F5C-3B4B-4F22-B458-AD9C0BDE45F9}.Debug|x86.Build.0 = Debug|Any CPU
		{99AD0F5C-3B4B-4F22-B458-AD9C0BDE45F9}.Release|Any CPU.ActiveCfg = Release|Any CPU
		{99AD0F5C-3B4B-4F22-B458-AD9C0BDE45F9}.Release|Any CPU.Build.0 = Release|Any CPU
		{99AD0F5C-3B4B-4F22-B458-AD9C0BDE45F9}.Release|x64.ActiveCfg = Release|Any CPU
		{99AD0F5C-3B4B-4F22-B458-AD9C0BDE45F9}.Release|x64.Build.0 = Release|Any CPU
		{99AD0F5C-3B4B-4F22-B458-AD9C0BDE45F9}.Release|x86.ActiveCfg = Release|Any CPU
		{99AD0F5C-3B4B-4F22-B458-AD9C0BDE45F9}.Release|x86.Build.0 = Release|Any CPU
		{E0DC0CEC-1E0F-4BF9-A4BC-374FF8F33D77}.Debug|Any CPU.ActiveCfg = Debug|Any CPU
		{E0DC0CEC-1E0F-4BF9-A4BC-374FF8F33D77}.Debug|Any CPU.Build.0 = Debug|Any CPU
		{E0DC0CEC-1E0F-4BF9-A4BC-374FF8F33D77}.Debug|x64.ActiveCfg = Debug|Any CPU
		{E0DC0CEC-1E0F-4BF9-A4BC-374FF8F33D77}.Debug|x64.Build.0 = Debug|Any CPU
		{E0DC0CEC-1E0F-4BF9-A4BC-374FF8F33D77}.Debug|x86.ActiveCfg = Debug|Any CPU
		{E0DC0CEC-1E0F-4BF9-A4BC-374FF8F33D77}.Debug|x86.Build.0 = Debug|Any CPU
		{E0DC0CEC-1E0F-4BF9-A4BC-374FF8F33D77}.Release|Any CPU.ActiveCfg = Release|Any CPU
		{E0DC0CEC-1E0F-4BF9-A4BC-374FF8F33D77}.Release|Any CPU.Build.0 = Release|Any CPU
		{E0DC0CEC-1E0F-4BF9-A4BC-374FF8F33D77}.Release|x64.ActiveCfg = Release|Any CPU
		{E0DC0CEC-1E0F-4BF9-A4BC-374FF8F33D77}.Release|x64.Build.0 = Release|Any CPU
		{E0DC0CEC-1E0F-4BF9-A4BC-374FF8F33D77}.Release|x86.ActiveCfg = Release|Any CPU
		{E0DC0CEC-1E0F-4BF9-A4BC-374FF8F33D77}.Release|x86.Build.0 = Release|Any CPU
		{4EDC1818-8ABF-4EB8-AD6B-2882EEDE2732}.Debug|Any CPU.ActiveCfg = Debug|Any CPU
		{4EDC1818-8ABF-4EB8-AD6B-2882EEDE2732}.Debug|Any CPU.Build.0 = Debug|Any CPU
		{4EDC1818-8ABF-4EB8-AD6B-2882EEDE2732}.Debug|x64.ActiveCfg = Debug|Any CPU
		{4EDC1818-8ABF-4EB8-AD6B-2882EEDE2732}.Debug|x64.Build.0 = Debug|Any CPU
		{4EDC1818-8ABF-4EB8-AD6B-2882EEDE2732}.Debug|x86.ActiveCfg = Debug|Any CPU
		{4EDC1818-8ABF-4EB8-AD6B-2882EEDE2732}.Debug|x86.Build.0 = Debug|Any CPU
		{4EDC1818-8ABF-4EB8-AD6B-2882EEDE2732}.Release|Any CPU.ActiveCfg = Release|Any CPU
		{4EDC1818-8ABF-4EB8-AD6B-2882EEDE2732}.Release|Any CPU.Build.0 = Release|Any CPU
		{4EDC1818-8ABF-4EB8-AD6B-2882EEDE2732}.Release|x64.ActiveCfg = Release|Any CPU
		{4EDC1818-8ABF-4EB8-AD6B-2882EEDE2732}.Release|x64.Build.0 = Release|Any CPU
		{4EDC1818-8ABF-4EB8-AD6B-2882EEDE2732}.Release|x86.ActiveCfg = Release|Any CPU
		{4EDC1818-8ABF-4EB8-AD6B-2882EEDE2732}.Release|x86.Build.0 = Release|Any CPU
		{DD0054FB-5B48-406B-8CF8-348C3FCAB1DE}.Debug|Any CPU.ActiveCfg = Debug|Any CPU
		{DD0054FB-5B48-406B-8CF8-348C3FCAB1DE}.Debug|Any CPU.Build.0 = Debug|Any CPU
		{DD0054FB-5B48-406B-8CF8-348C3FCAB1DE}.Debug|x64.ActiveCfg = Debug|Any CPU
		{DD0054FB-5B48-406B-8CF8-348C3FCAB1DE}.Debug|x64.Build.0 = Debug|Any CPU
		{DD0054FB-5B48-406B-8CF8-348C3FCAB1DE}.Debug|x86.ActiveCfg = Debug|Any CPU
		{DD0054FB-5B48-406B-8CF8-348C3FCAB1DE}.Debug|x86.Build.0 = Debug|Any CPU
		{DD0054FB-5B48-406B-8CF8-348C3FCAB1DE}.Release|Any CPU.ActiveCfg = Release|Any CPU
		{DD0054FB-5B48-406B-8CF8-348C3FCAB1DE}.Release|Any CPU.Build.0 = Release|Any CPU
		{DD0054FB-5B48-406B-8CF8-348C3FCAB1DE}.Release|x64.ActiveCfg = Release|Any CPU
		{DD0054FB-5B48-406B-8CF8-348C3FCAB1DE}.Release|x64.Build.0 = Release|Any CPU
		{DD0054FB-5B48-406B-8CF8-348C3FCAB1DE}.Release|x86.ActiveCfg = Release|Any CPU
		{DD0054FB-5B48-406B-8CF8-348C3FCAB1DE}.Release|x86.Build.0 = Release|Any CPU
	EndGlobalSection
	GlobalSection(SolutionProperties) = preSolution
		HideSolutionNode = FALSE
	EndGlobalSection
	GlobalSection(ExtensibilityGlobals) = postSolution
		SolutionGuid = {6BBEAACA-8365-4A15-AECA-D03B30B003E0}
	EndGlobalSection
EndGlobal
